<?xml version="1.0" encoding="utf-8"?>
<Project ToolsVersion="4.0" xmlns="http://schemas.microsoft.com/developer/msbuild/2003">
  <ItemGroup>
    <Filter Include="源文件">
      <UniqueIdentifier>{4FC737F1-C7A5-4376-A066-2A32D752A2FF}</UniqueIdentifier>
      <Extensions>cpp;c;cc;cxx;def;odl;idl;hpj;bat;asm;asmx</Extensions>
    </Filter>
    <Filter Include="头文件">
      <UniqueIdentifier>{93995380-89BD-4b04-88EB-625FBE52EBFB}</UniqueIdentifier>
      <Extensions>h;hh;hpp;hxx;hm;inl;inc;xsd</Extensions>
    </Filter>
    <Filter Include="资源文件">
      <UniqueIdentifier>{67DA6AB6-F800-4c08-8B7A-83BB121AAD01}</UniqueIdentifier>
      <Extensions>rc;ico;cur;bmp;dlg;rc2;rct;bin;rgs;gif;jpg;jpeg;jpe;resx;tiff;tif;png;wav;mfcribbon-ms</Extensions>
    </Filter>
    <Filter Include="KdTree">
      <UniqueIdentifier>{39ad303c-0217-4ddf-a9bc-4f299eb17ce8}</UniqueIdentifier>
    </Filter>
    <Filter Include="Parser">
      <UniqueIdentifier>{e9d106e4-f0d9-40a3-ade2-661ec5828d37}</UniqueIdentifier>
    </Filter>
  </ItemGroup>
  <ItemGroup>
    <Text Include="ReadMe.txt" />
  </ItemGroup>
  <ItemGroup>
    <ClInclude Include="stdafx.h">
      <Filter>头文件</Filter>
    </ClInclude>
    <ClInclude Include="targetver.h">
      <Filter>头文件</Filter>
    </ClInclude>
    <ClInclude Include="KdTree\kdtree.h">
      <Filter>KdTree</Filter>
    </ClInclude>
    <ClInclude Include="Algo.h">
      <Filter>头文件</Filter>
    </ClInclude>
    <ClInclude Include="DataAnalysis.h">
      <Filter>头文件</Filter>
    </ClInclude>
    <ClInclude Include="FileProc.h">
      <Filter>头文件</Filter>
    </ClInclude>
    <ClInclude Include="ImgProc.h">
      <Filter>头文件</Filter>
    </ClInclude>
    <ClInclude Include="Parser\parser.h">
      <Filter>Parser</Filter>
    </ClInclude>
    <ClInclude Include="Parser\strutil.h">
      <Filter>Parser</Filter>
    </ClInclude>
    <ClInclude Include="Parser\traits_io.h">
      <Filter>Parser</Filter>
    </ClInclude>
  </ItemGroup>
  <ItemGroup>
    <ClCompile Include="stdafx.cpp">
      <Filter>源文件</Filter>
    </ClCompile>
    <ClCompile Include="HoloRay.cpp">
      <Filter>源文件</Filter>
    </ClCompile>
    <ClCompile Include="KdTree\kdtree.cpp">
      <Filter>KdTree</Filter>
    </ClCompile>
    <ClCompile Include="DataAnalysis.cpp">
      <Filter>源文件</Filter>
    </ClCompile>
    <ClCompile Include="ImgProc.cpp">
      <Filter>源文件</Filter>
    </ClCompile>
  </ItemGroup>
</Project>